{
  "originHash" : "f38601edcd59e897fbae19115c8d790b7b34abf93ab51e8858bec0cd092b6468",
  "pins" : [
    {
      "identity" : "capacitor-swift-pm",
      "kind" : "remoteSourceControl",
      "location" : "https://github.com/ionic-team/capacitor-swift-pm.git",
      "state" : {
        "revision" : "4f71d0b979f2f957326f04353eca7604ee937e1e",
        "version" : "8.5.0"
      }
    },
    {
      "identity" : "webrtc",
      "kind" : "remoteSourceControl",
      "location" : "https://github.com/stasel/WebRTC.git",
      "state" : {
        "revision" : "6ed87f05368632f71dc95c89c14c051561710925",
        "version" : "150.0.0"
      }
    }
  ],
  "version" : 3
}
